// !$*UTF8*$!
{
	archiveVersion = 1;
	classes = {
	};
	objectVersion = 52;
	objects = {

/* Begin PBXBuildFile section */
		CE41306023A75F14000AE7FC /* AppDelegate.swift in Sources */ = {isa = PBXBuildFile; fileRef = CE41305F23A75F14000AE7FC /* AppDelegate.swift */; };
		CE41306223A75F14000AE7FC /* SceneDelegate.swift in Sources */ = {isa = PBXBuildFile; fileRef = CE41306123A75F14000AE7FC /* SceneDelegate.swift */; };
		CE41306423A75F14000AE7FC /* ContentView.swift in Sources */ = {isa = PBXBuildFile; fileRef = CE41306323A75F14000AE7FC /* ContentView.swift */; };
		CE41306623A75F1A000AE7FC /* Assets.xcassets in Resources */ = {isa = PBXBuildFile; fileRef = CE41306523A75F1A000AE7FC /* Assets.xcassets */; };
		CE41306923A75F1A000AE7FC /* Preview Assets.xcassets in Resources */ = {isa = PBXBuildFile; fileRef = CE41306823A75F1A000AE7FC /* Preview Assets.xcassets */; };
		CE41306C23A75F1A000AE7FC /* LaunchScreen.storyboard in Resources */ = {isa = PBXBuildFile; fileRef = CE41306A23A75F1A000AE7FC /* LaunchScreen.storyboard */; };
		CE758C3823A7830800A25A10 /* Alamofire in Frameworks */ = {isa = PBXBuildFile; productRef = CE758C3723A7830800A25A10 /* Alamofire */; };
		CE758CAA23A78B9600A25A10 /* APIHelper.swift in Sources */ = {isa = PBXBuildFile; fileRef = CE758C9A23A78B9600A25A10 /* APIHelper.swift */; };
		CE758CAB23A78B9600A25A10 /* AlamofireImplementations.swift in Sources */ = {isa = PBXBuildFile; fileRef = CE758C9B23A78B9600A25A10 /* AlamofireImplementations.swift */; };
		CE758CAC23A78B9600A25A10 /* ArticlesAPI.swift in Sources */ = {isa = PBXBuildFile; fileRef = CE758C9D23A78B9600A25A10 /* ArticlesAPI.swift */; };
		CE758CAD23A78B9600A25A10 /* CodableHelper.swift in Sources */ = {isa = PBXBuildFile; fileRef = CE758C9E23A78B9600A25A10 /* CodableHelper.swift */; };
		CE758CAE23A78B9600A25A10 /* JSONEncodableEncoding.swift in Sources */ = {isa = PBXBuildFile; fileRef = CE758C9F23A78B9600A25A10 /* JSONEncodableEncoding.swift */; };
		CE758CAF23A78B9600A25A10 /* APIs.swift in Sources */ = {isa = PBXBuildFile; fileRef = CE758CA023A78B9600A25A10 /* APIs.swift */; };
		CE758CB023A78B9600A25A10 /* Source.swift in Sources */ = {isa = PBXBuildFile; fileRef = CE758CA223A78B9600A25A10 /* Source.swift */; };
		CE758CB123A78B9600A25A10 /* ArticleList.swift in Sources */ = {isa = PBXBuildFile; fileRef = CE758CA323A78B9600A25A10 /* ArticleList.swift */; };
		CE758CB223A78B9600A25A10 /* Article.swift in Sources */ = {isa = PBXBuildFile; fileRef = CE758CA423A78B9600A25A10 /* Article.swift */; };
		CE758CB323A78B9600A25A10 /* ErrorModel.swift in Sources */ = {isa = PBXBuildFile; fileRef = CE758CA523A78B9600A25A10 /* ErrorModel.swift */; };
		CE758CB423A78B9600A25A10 /* Extensions.swift in Sources */ = {isa = PBXBuildFile; fileRef = CE758CA623A78B9600A25A10 /* Extensions.swift */; };
		CE758CB523A78B9600A25A10 /* JSONEncodingHelper.swift in Sources */ = {isa = PBXBuildFile; fileRef = CE758CA723A78B9600A25A10 /* JSONEncodingHelper.swift */; };
		CE758CB623A78B9600A25A10 /* Models.swift in Sources */ = {isa = PBXBuildFile; fileRef = CE758CA823A78B9600A25A10 /* Models.swift */; };
		CE758CB723A78B9600A25A10 /* Configuration.swift in Sources */ = {isa = PBXBuildFile; fileRef = CE758CA923A78B9600A25A10 /* Configuration.swift */; };
		CE758CB923A7921300A25A10 /* NewsListView.swift in Sources */ = {isa = PBXBuildFile; fileRef = CE758CB823A7921300A25A10 /* NewsListView.swift */; };
		CE758CBC23A7981C00A25A10 /* Collection.swift in Sources */ = {isa = PBXBuildFile; fileRef = CE758CBB23A7981C00A25A10 /* Collection.swift */; };
		CE758CBE23A7A62500A25A10 /* NewsListViewModel.swift in Sources */ = {isa = PBXBuildFile; fileRef = CE758CBD23A7A62500A25A10 /* NewsListViewModel.swift */; };
		CE758CC023A7AD4300A25A10 /* ArticleView.swift in Sources */ = {isa = PBXBuildFile; fileRef = CE758CBF23A7AD4300A25A10 /* ArticleView.swift */; };
/* End PBXBuildFile section */

/* Begin PBXFileReference section */
		CE41305C23A75F14000AE7FC /* HomeWork2.app */ = {isa = PBXFileReference; explicitFileType = wrapper.application; includeInIndex = 0; path = HomeWork2.app; sourceTree = BUILT_PRODUCTS_DIR; };
		CE41305F23A75F14000AE7FC /* AppDelegate.swift */ = {isa = PBXFileReference; lastKnownFileType = sourcecode.swift; path = AppDelegate.swift; sourceTree = "<group>"; };
		CE41306123A75F14000AE7FC /* SceneDelegate.swift */ = {isa = PBXFileReference; lastKnownFileType = sourcecode.swift; path = SceneDelegate.swift; sourceTree = "<group>"; };
		CE41306323A75F14000AE7FC /* ContentView.swift */ = {isa = PBXFileReference; lastKnownFileType = sourcecode.swift; path = ContentView.swift; sourceTree = "<group>"; };
		CE41306523A75F1A000AE7FC /* Assets.xcassets */ = {isa = PBXFileReference; lastKnownFileType = folder.assetcatalog; path = Assets.xcassets; sourceTree = "<group>"; };
		CE41306823A75F1A000AE7FC /* Preview Assets.xcassets */ = {isa = PBXFileReference; lastKnownFileType = folder.assetcatalog; path = "Preview Assets.xcassets"; sourceTree = "<group>"; };
		CE41306B23A75F1A000AE7FC /* Base */ = {isa = PBXFileReference; lastKnownFileType = file.storyboard; name = Base; path = Base.lproj/LaunchScreen.storyboard; sourceTree = "<group>"; };
		CE41306D23A75F1A000AE7FC /* Info.plist */ = {isa = PBXFileReference; lastKnownFileType = text.plist.xml; path = Info.plist; sourceTree = "<group>"; };
		CE758C9A23A78B9600A25A10 /* APIHelper.swift */ = {isa = PBXFileReference; fileEncoding = 4; lastKnownFileType = sourcecode.swift; path = APIHelper.swift; sourceTree = "<group>"; };
		CE758C9B23A78B9600A25A10 /* AlamofireImplementations.swift */ = {isa = PBXFileReference; fileEncoding = 4; lastKnownFileType = sourcecode.swift; path = AlamofireImplementations.swift; sourceTree = "<group>"; };
		CE758C9D23A78B9600A25A10 /* ArticlesAPI.swift */ = {isa = PBXFileReference; fileEncoding = 4; lastKnownFileType = sourcecode.swift; path = ArticlesAPI.swift; sourceTree = "<group>"; };
		CE758C9E23A78B9600A25A10 /* CodableHelper.swift */ = {isa = PBXFileReference; fileEncoding = 4; lastKnownFileType = sourcecode.swift; path = CodableHelper.swift; sourceTree = "<group>"; };
		CE758C9F23A78B9600A25A10 /* JSONEncodableEncoding.swift */ = {isa = PBXFileReference; fileEncoding = 4; lastKnownFileType = sourcecode.swift; path = JSONEncodableEncoding.swift; sourceTree = "<group>"; };
		CE758CA023A78B9600A25A10 /* APIs.swift */ = {isa = PBXFileReference; fileEncoding = 4; lastKnownFileType = sourcecode.swift; path = APIs.swift; sourceTree = "<group>"; };
		CE758CA223A78B9600A25A10 /* Source.swift */ = {isa = PBXFileReference; fileEncoding = 4; lastKnownFileType = sourcecode.swift; path = Source.swift; sourceTree = "<group>"; };
		CE758CA323A78B9600A25A10 /* ArticleList.swift */ = {isa = PBXFileReference; fileEncoding = 4; lastKnownFileType = sourcecode.swift; path = ArticleList.swift; sourceTree = "<group>"; };
		CE758CA423A78B9600A25A10 /* Article.swift */ = {isa = PBXFileReference; fileEncoding = 4; lastKnownFileType = sourcecode.swift; path = Article.swift; sourceTree = "<group>"; };
		CE758CA523A78B9600A25A10 /* ErrorModel.swift */ = {isa = PBXFileReference; fileEncoding = 4; lastKnownFileType = sourcecode.swift; path = ErrorModel.swift; sourceTree = "<group>"; };
		CE758CA623A78B9600A25A10 /* Extensions.swift */ = {isa = PBXFileReference; fileEncoding = 4; lastKnownFileType = sourcecode.swift; path = Extensions.swift; sourceTree = "<group>"; };
		CE758CA723A78B9600A25A10 /* JSONEncodingHelper.swift */ = {isa = PBXFileReference; fileEncoding = 4; lastKnownFileType = sourcecode.swift; path = JSONEncodingHelper.swift; sourceTree = "<group>"; };
		CE758CA823A78B9600A25A10 /* Models.swift */ = {isa = PBXFileReference; fileEncoding = 4; lastKnownFileType = sourcecode.swift; path = Models.swift; sourceTree = "<group>"; };
		CE758CA923A78B9600A25A10 /* Configuration.swift */ = {isa = PBXFileReference; fileEncoding = 4; lastKnownFileType = sourcecode.swift; path = Configuration.swift; sourceTree = "<group>"; };
		CE758CB823A7921300A25A10 /* NewsListView.swift */ = {isa = PBXFileReference; lastKnownFileType = sourcecode.swift; path = NewsListView.swift; sourceTree = "<group>"; };
		CE758CBB23A7981C00A25A10 /* Collection.swift */ = {isa = PBXFileReference; lastKnownFileType = sourcecode.swift; path = Collection.swift; sourceTree = "<group>"; };
		CE758CBD23A7A62500A25A10 /* NewsListViewModel.swift */ = {isa = PBXFileReference; lastKnownFileType = sourcecode.swift; path = NewsListViewModel.swift; sourceTree = "<group>"; };
		CE758CBF23A7AD4300A25A10 /* ArticleView.swift */ = {isa = PBXFileReference; lastKnownFileType = sourcecode.swift; path = ArticleView.swift; sourceTree = "<group>"; };
/* End PBXFileReference section */

/* Begin PBXFrameworksBuildPhase section */
		CE41305923A75F14000AE7FC /* Frameworks */ = {
			isa = PBXFrameworksBuildPhase;
			buildActionMask = 2147483647;
			files = (
				CE758C3823A7830800A25A10 /* Alamofire in Frameworks */,
			);
			runOnlyForDeploymentPostprocessing = 0;
		};
/* End PBXFrameworksBuildPhase section */

/* Begin PBXGroup section */
		CE41305323A75F14000AE7FC = {
			isa = PBXGroup;
			children = (
				CE41305E23A75F14000AE7FC /* HomeWork2 */,
				CE41305D23A75F14000AE7FC /* Products */,
			);
			sourceTree = "<group>";
		};
		CE41305D23A75F14000AE7FC /* Products */ = {
			isa = PBXGroup;
			children = (
				CE41305C23A75F14000AE7FC /* HomeWork2.app */,
			);
			name = Products;
			sourceTree = "<group>";
		};
		CE41305E23A75F14000AE7FC /* HomeWork2 */ = {
			isa = PBXGroup;
			children = (
				CE758CBA23A797CB00A25A10 /* Extensions */,
				CE758C9923A78B9600A25A10 /* NewsOpenAPIs */,
				CE41305F23A75F14000AE7FC /* AppDelegate.swift */,
				CE758CBF23A7AD4300A25A10 /* ArticleView.swift */,
				CE41306123A75F14000AE7FC /* SceneDelegate.swift */,
				CE41306323A75F14000AE7FC /* ContentView.swift */,
				CE758CB823A7921300A25A10 /* NewsListView.swift */,
				CE758CBD23A7A62500A25A10 /* NewsListViewModel.swift */,
				CE41306523A75F1A000AE7FC /* Assets.xcassets */,
				CE41306A23A75F1A000AE7FC /* LaunchScreen.storyboard */,
				CE41306D23A75F1A000AE7FC /* Info.plist */,
				CE41306723A75F1A000AE7FC /* Preview Content */,
			);
			path = HomeWork2;
			sourceTree = "<group>";
		};
		CE41306723A75F1A000AE7FC /* Preview Content */ = {
			isa = PBXGroup;
			children = (
				CE41306823A75F1A000AE7FC /* Preview Assets.xcassets */,
			);
			path = "Preview Content";
			sourceTree = "<group>";
		};
		CE758C9923A78B9600A25A10 /* NewsOpenAPIs */ = {
			isa = PBXGroup;
			children = (
				CE758C9A23A78B9600A25A10 /* APIHelper.swift */,
				CE758C9B23A78B9600A25A10 /* AlamofireImplementations.swift */,
				CE758C9C23A78B9600A25A10 /* APIs */,
				CE758C9E23A78B9600A25A10 /* CodableHelper.swift */,
				CE758C9F23A78B9600A25A10 /* JSONEncodableEncoding.swift */,
				CE758CA023A78B9600A25A10 /* APIs.swift */,
				CE758CA123A78B9600A25A10 /* Models */,
				CE758CA623A78B9600A25A10 /* Extensions.swift */,
				CE758CA723A78B9600A25A10 /* JSONEncodingHelper.swift */,
				CE758CA823A78B9600A25A10 /* Models.swift */,
				CE758CA923A78B9600A25A10 /* Configuration.swift */,
			);
			path = NewsOpenAPIs;
			sourceTree = "<group>";
		};
		CE758C9C23A78B9600A25A10 /* APIs */ = {
			isa = PBXGroup;
			children = (
				CE758C9D23A78B9600A25A10 /* ArticlesAPI.swift */,
			);
			path = APIs;
			sourceTree = "<group>";
		};
		CE758CA123A78B9600A25A10 /* Models */ = {
			isa = PBXGroup;
			children = (
				CE758CA223A78B9600A25A10 /* Source.swift */,
				CE758CA323A78B9600A25A10 /* ArticleList.swift */,
				CE758CA423A78B9600A25A10 /* Article.swift */,
				CE758CA523A78B9600A25A10 /* ErrorModel.swift */,
			);
			path = Models;
			sourceTree = "<group>";
		};
		CE758CBA23A797CB00A25A10 /* Extensions */ = {
			isa = PBXGroup;
			children = (
				CE758CBB23A7981C00A25A10 /* Collection.swift */,
			);
			path = Extensions;
			sourceTree = "<group>";
		};
/* End PBXGroup section */

/* Begin PBXNativeTarget section */
		CE41305B23A75F14000AE7FC /* HomeWork2 */ = {
			isa = PBXNativeTarget;
			buildConfigurationList = CE41307023A75F1A000AE7FC /* Build configuration list for PBXNativeTarget "HomeWork2" */;
			buildPhases = (
				CE41305823A75F14000AE7FC /* Sources */,
				CE41305923A75F14000AE7FC /* Frameworks */,
				CE41305A23A75F14000AE7FC /* Resources */,
			);
			buildRules = (
			);
			dependencies = (
			);
			name = HomeWork2;
			packageProductDependencies = (
				CE758C3723A7830800A25A10 /* Alamofire */,
			);
			productName = HomeWork2;
			productReference = CE41305C23A75F14000AE7FC /* HomeWork2.app */;
			productType = "com.apple.product-type.application";
		};
/* End PBXNativeTarget section */

/* Begin PBXProject section */
		CE41305423A75F14000AE7FC /* Project object */ = {
			isa = PBXProject;
			attributes = {
				LastSwiftUpdateCheck = 1120;
				LastUpgradeCheck = 1120;
				ORGANIZATIONNAME = OtusCourse;
				TargetAttributes = {
					CE41305B23A75F14000AE7FC = {
						CreatedOnToolsVersion = 11.2.1;
					};
				};
			};
			buildConfigurationList = CE41305723A75F14000AE7FC /* Build configuration list for PBXProject "HomeWork2" */;
			compatibilityVersion = "Xcode 9.3";
			developmentRegion = en;
			hasScannedForEncodings = 0;
			knownRegions = (
				en,
				Base,
			);
			mainGroup = CE41305323A75F14000AE7FC;
			packageReferences = (
				CE758C3623A7830800A25A10 /* XCRemoteSwiftPackageReference "Alamofire" */,
			);
			productRefGroup = CE41305D23A75F14000AE7FC /* Products */;
			projectDirPath = "";
			projectRoot = "";
			targets = (
				CE41305B23A75F14000AE7FC /* HomeWork2 */,
			);
		};
/* End PBXProject section */

/* Begin PBXResourcesBuildPhase section */
		CE41305A23A75F14000AE7FC /* Resources */ = {
			isa = PBXResourcesBuildPhase;
			buildActionMask = 2147483647;
			files = (
				CE41306C23A75F1A000AE7FC /* LaunchScreen.storyboard in Resources */,
				CE41306923A75F1A000AE7FC /* Preview Assets.xcassets in Resources */,
				CE41306623A75F1A000AE7FC /* Assets.xcassets in Resources */,
			);
			runOnlyForDeploymentPostprocessing = 0;
		};
/* End PBXResourcesBuildPhase section */

/* Begin PBXSourcesBuildPhase section */
		CE41305823A75F14000AE7FC /* Sources */ = {
			isa = PBXSourcesBuildPhase;
			buildActionMask = 2147483647;
			files = (
				CE758CAA23A78B9600A25A10 /* APIHelper.swift in Sources */,
				CE758CAD23A78B9600A25A10 /* CodableHelper.swift in Sources */,
				CE41306023A75F14000AE7FC /* AppDelegate.swift in Sources */,
				CE758CB923A7921300A25A10 /* NewsListView.swift in Sources */,
				CE41306223A75F14000AE7FC /* SceneDelegate.swift in Sources */,
				CE758CAE23A78B9600A25A10 /* JSONEncodableEncoding.swift in Sources */,
				CE758CB323A78B9600A25A10 /* ErrorModel.swift in Sources */,
				CE758CBE23A7A62500A25A10 /* NewsListViewModel.swift in Sources */,
				CE758CBC23A7981C00A25A10 /* Collection.swift in Sources */,
				CE41306423A75F14000AE7FC /* ContentView.swift in Sources */,
				CE758CB123A78B9600A25A10 /* ArticleList.swift in Sources */,
				CE758CB523A78B9600A25A10 /* JSONEncodingHelper.swift in Sources */,
				CE758CAB23A78B9600A25A10 /* AlamofireImplementations.swift in Sources */,
				CE758CB723A78B9600A25A10 /* Configuration.swift in Sources */,
				CE758CB223A78B9600A25A10 /* Article.swift in Sources */,
				CE758CB623A78B9600A25A10 /* Models.swift in Sources */,
				CE758CAF23A78B9600A25A10 /* APIs.swift in Sources */,
				CE758CB023A78B9600A25A10 /* Source.swift in Sources */,
				CE758CAC23A78B9600A25A10 /* ArticlesAPI.swift in Sources */,
				CE758CC023A7AD4300A25A10 /* ArticleView.swift in Sources */,
				CE758CB423A78B9600A25A10 /* Extensions.swift in Sources */,
			);
			runOnlyForDeploymentPostprocessing = 0;
		};
/* End PBXSourcesBuildPhase section */

/* Begin PBXVariantGroup section */
		CE41306A23A75F1A000AE7FC /* LaunchScreen.storyboard */ = {
			isa = PBXVariantGroup;
			children = (
				CE41306B23A75F1A000AE7FC /* Base */,
			);
			name = LaunchScreen.storyboard;
			sourceTree = "<group>";
		};
/* End PBXVariantGroup section */

/* Begin XCBuildConfiguration section */
		CE41306E23A75F1A000AE7FC /* Debug */ = {
			isa = XCBuildConfiguration;
			buildSettings = {
				ALWAYS_SEARCH_USER_PATHS = NO;
				CLANG_ANALYZER_NONNULL = YES;
				CLANG_ANALYZER_NUMBER_OBJECT_CONVERSION = YES_AGGRESSIVE;
				CLANG_CXX_LANGUAGE_STANDARD = "gnu++14";
				CLANG_CXX_LIBRARY = "libc++";
				CLANG_ENABLE_MODULES = YES;
				CLANG_ENABLE_OBJC_ARC = YES;
				CLANG_ENABLE_OBJC_WEAK = YES;
				CLANG_WARN_BLOCK_CAPTURE_AUTORELEASING = YES;
				CLANG_WARN_BOOL_CONVERSION = YES;
				CLANG_WARN_COMMA = YES;
				CLANG_WARN_CONSTANT_CONVERSION = YES;
				CLANG_WARN_DEPRECATED_OBJC_IMPLEMENTATIONS = YES;
				CLANG_WARN_DIRECT_OBJC_ISA_USAGE = YES_ERROR;
				CLANG_WARN_DOCUMENTATION_COMMENTS = YES;
				CLANG_WARN_EMPTY_BODY = YES;
				CLANG_WARN_ENUM_CONVERSION = YES;
				CLANG_WARN_INFINITE_RECURSION = YES;
				CLANG_WARN_INT_CONVERSION = YES;
				CLANG_WARN_NON_LITERAL_NULL_CONVERSION = YES;
				CLANG_WARN_OBJC_IMPLICIT_RETAIN_SELF = YES;
				CLANG_WARN_OBJC_LITERAL_CONVERSION = YES;
				CLANG_WARN_OBJC_ROOT_CLASS = YES_ERROR;
				CLANG_WARN_RANGE_LOOP_ANALYSIS = YES;
				CLANG_WARN_STRICT_PROTOTYPES = YES;
				CLANG_WARN_SUSPICIOUS_MOVE = YES;
				CLANG_WARN_UNGUARDED_AVAILABILITY = YES_AGGRESSIVE;
				CLANG_WARN_UNREACHABLE_CODE = YES;
				CLANG_WARN__DUPLICATE_METHOD_MATCH = YES;
				COPY_PHASE_STRIP = NO;
				DEBUG_INFORMATION_FORMAT = dwarf;
				ENABLE_STRICT_OBJC_MSGSEND = YES;
				ENABLE_TESTABILITY = YES;
				GCC_C_LANGUAGE_STANDARD = gnu11;
				GCC_DYNAMIC_NO_PIC = NO;
				GCC_NO_COMMON_BLOCKS = YES;
				GCC_OPTIMIZATION_LEVEL = 0;
				GCC_PREPROCESSOR_DEFINITIONS = (
					"DEBUG=1",
					"$(inherited)",
				);
				GCC_WARN_64_TO_32_BIT_CONVERSION = YES;
				GCC_WARN_ABOUT_RETURN_TYPE = YES_ERROR;
				GCC_WARN_UNDECLARED_SELECTOR = YES;
				GCC_WARN_UNINITIALIZED_AUTOS = YES_AGGRESSIVE;
				GCC_WARN_UNUSED_FUNCTION = YES;
				GCC_WARN_UNUSED_VARIABLE = YES;
				IPHONEOS_DEPLOYMENT_TARGET = 13.2;
				MTL_ENABLE_DEBUG_INFO = INCLUDE_SOURCE;
				MTL_FAST_MATH = YES;
				ONLY_ACTIVE_ARCH = YES;
				SDKROOT = iphoneos;
				SWIFT_ACTIVE_COMPILATION_CONDITIONS = DEBUG;
				SWIFT_OPTIMIZATION_LEVEL = "-Onone";
			};
			name = Debug;
		};
		CE41306F23A75F1A000AE7FC /* Release */ = {
			isa = XCBuildConfiguration;
			buildSettings = {
				ALWAYS_SEARCH_USER_PATHS = NO;
				CLANG_ANALYZER_NONNULL = YES;
				CLANG_ANALYZER_NUMBER_OBJECT_CONVERSION = YES_AGGRESSIVE;
				CLANG_CXX_LANGUAGE_STANDARD = "gnu++14";
				CLANG_CXX_LIBRARY = "libc++";
				CLANG_ENABLE_MODULES = YES;
				CLANG_ENABLE_OBJC_ARC = YES;
				CLANG_ENABLE_OBJC_WEAK = YES;
				CLANG_WARN_BLOCK_CAPTURE_AUTORELEASING = YES;
				CLANG_WARN_BOOL_CONVERSION = YES;
				CLANG_WARN_COMMA = YES;
				CLANG_WARN_CONSTANT_CONVERSION = YES;
				CLANG_WARN_DEPRECATED_OBJC_IMPLEMENTATIONS = YES;
				CLANG_WARN_DIRECT_OBJC_ISA_USAGE = YES_ERROR;
				CLANG_WARN_DOCUMENTATION_COMMENTS = YES;
				CLANG_WARN_EMPTY_BODY = YES;
				CLANG_WARN_ENUM_CONVERSION = YES;
				CLANG_WARN_INFINITE_RECURSION = YES;
				CLANG_WARN_INT_CONVERSION = YES;
				CLANG_WARN_NON_LITERAL_NULL_CONVERSION = YES;
				CLANG_WARN_OBJC_IMPLICIT_RETAIN_SELF = YES;
				CLANG_WARN_OBJC_LITERAL_CONVERSION = YES;
				CLANG_WARN_OBJC_ROOT_CLASS = YES_ERROR;
				CLANG_WARN_RANGE_LOOP_ANALYSIS = YES;
				CLANG_WARN_STRICT_PROTOTYPES = YES;
				CLANG_WARN_SUSPICIOUS_MOVE = YES;
				CLANG_WARN_UNGUARDED_AVAILABILITY = YES_AGGRESSIVE;
				CLANG_WARN_UNREACHABLE_CODE = YES;
				CLANG_WARN__DUPLICATE_METHOD_MATCH = YES;
				COPY_PHASE_STRIP = NO;
				DEBUG_INFORMATION_FORMAT = "dwarf-with-dsym";
				ENABLE_NS_ASSERTIONS = NO;
				ENABLE_STRICT_OBJC_MSGSEND = YES;
				GCC_C_LANGUAGE_STANDARD = gnu11;
				GCC_NO_COMMON_BLOCKS = YES;
				GCC_WARN_64_TO_32_BIT_CONVERSION = YES;
				GCC_WARN_ABOUT_RETURN_TYPE = YES_ERROR;
				GCC_WARN_UNDECLARED_SELECTOR = YES;
				GCC_WARN_UNINITIALIZED_AUTOS = YES_AGGRESSIVE;
				GCC_WARN_UNUSED_FUNCTION = YES;
				GCC_WARN_UNUSED_VARIABLE = YES;
				IPHONEOS_DEPLOYMENT_TARGET = 13.2;
				MTL_ENABLE_DEBUG_INFO = NO;
				MTL_FAST_MATH = YES;
				SDKROOT = iphoneos;
				SWIFT_COMPILATION_MODE = wholemodule;
				SWIFT_OPTIMIZATION_LEVEL = "-O";
				VALIDATE_PRODUCT = YES;
			};
			name = Release;
		};
		CE41307123A75F1A000AE7FC /* Debug */ = {
			isa = XCBuildConfiguration;
			buildSettings = {
				ASSETCATALOG_COMPILER_APPICON_NAME = AppIcon;
				CODE_SIGN_STYLE = Automatic;
				DEVELOPMENT_ASSET_PATHS = "\"HomeWork2/Preview Content\"";
				ENABLE_PREVIEWS = YES;
				INFOPLIST_FILE = HomeWork2/Info.plist;
				LD_RUNPATH_SEARCH_PATHS = (
					"$(inherited)",
					"@executable_path/Frameworks",
				);
				PRODUCT_BUNDLE_IDENTIFIER = OtusCourse.HomeWork2;
				PRODUCT_NAME = "$(TARGET_NAME)";
				SWIFT_VERSION = 5.0;
				TARGETED_DEVICE_FAMILY = "1,2";
			};
			name = Debug;
		};
		CE41307223A75F1A000AE7FC /* Release */ = {
			isa = XCBuildConfiguration;
			buildSettings = {
				ASSETCATALOG_COMPILER_APPICON_NAME = AppIcon;
				CODE_SIGN_STYLE = Automatic;
				DEVELOPMENT_ASSET_PATHS = "\"HomeWork2/Preview Content\"";
				ENABLE_PREVIEWS = YES;
				INFOPLIST_FILE = HomeWork2/Info.plist;
				LD_RUNPATH_SEARCH_PATHS = (
					"$(inherited)",
					"@executable_path/Frameworks",
				);
				PRODUCT_BUNDLE_IDENTIFIER = OtusCourse.HomeWork2;
				PRODUCT_NAME = "$(TARGET_NAME)";
				SWIFT_VERSION = 5.0;
				TARGETED_DEVICE_FAMILY = "1,2";
			};
			name = Release;
		};
/* End XCBuildConfiguration section */

/* Begin XCConfigurationList section */
		CE41305723A75F14000AE7FC /* Build configuration list for PBXProject "HomeWork2" */ = {
			isa = XCConfigurationList;
			buildConfigurations = (
				CE41306E23A75F1A000AE7FC /* Debug */,
				CE41306F23A75F1A000AE7FC /* Release */,
			);
			defaultConfigurationIsVisible = 0;
			defaultConfigurationName = Release;
		};
		CE41307023A75F1A000AE7FC /* Build configuration list for PBXNativeTarget "HomeWork2" */ = {
			isa = XCConfigurationList;
			buildConfigurations = (
				CE41307123A75F1A000AE7FC /* Debug */,
				CE41307223A75F1A000AE7FC /* Release */,
			);
			defaultConfigurationIsVisible = 0;
			defaultConfigurationName = Release;
		};
/* End XCConfigurationList section */

/* Begin XCRemoteSwiftPackageReference section */
		CE758C3623A7830800A25A10 /* XCRemoteSwiftPackageReference "Alamofire" */ = {
			isa = XCRemoteSwiftPackageReference;
			repositoryURL = "https://github.com/Alamofire/Alamofire";
			requirement = {
				kind = upToNextMajorVersion;
				minimumVersion = 4.9.1;
			};
		};
/* End XCRemoteSwiftPackageReference section */

/* Begin XCSwiftPackageProductDependency section */
		CE758C3723A7830800A25A10 /* Alamofire */ = {
			isa = XCSwiftPackageProductDependency;
			package = CE758C3623A7830800A25A10 /* XCRemoteSwiftPackageReference "Alamofire" */;
			productName = Alamofire;
		};
/* End XCSwiftPackageProductDependency section */
	};
	rootObject = CE41305423A75F14000AE7FC /* Project object */;
}
